// !$*UTF8*$!
{
	archiveVersion = 1;
	classes = {
	};
	objectVersion = 48;
	objects = {

/* Begin PBXBuildFile section */
		4CA2903821E85CE0009CF70F /* AppDelegate.swift in Sources */ = {isa = PBXBuildFile; fileRef = 4CA2903721E85CE0009CF70F /* AppDelegate.swift */; };
		4CA2903A21E85CE0009CF70F /* ViewController.swift in Sources */ = {isa = PBXBuildFile; fileRef = 4CA2903921E85CE0009CF70F /* ViewController.swift */; };
		4CA2903D21E85CE0009CF70F /* Main.storyboard in Resources */ = {isa = PBXBuildFile; fileRef = 4CA2903B21E85CE0009CF70F /* Main.storyboard */; };
		4CA2903F21E85CE0009CF70F /* Assets.xcassets in Resources */ = {isa = PBXBuildFile; fileRef = 4CA2903E21E85CE0009CF70F /* Assets.xcassets */; };
		4CA2904221E85CE0009CF70F /* LaunchScreen.storyboard in Resources */ = {isa = PBXBuildFile; fileRef = 4CA2904021E85CE0009CF70F /* LaunchScreen.storyboard */; };
		4CA2904D21E85CE0009CF70F /* final_testTests.swift in Sources */ = {isa = PBXBuildFile; fileRef = 4CA2904C21E85CE0009CF70F /* final_testTests.swift */; };
		4CA2905821E85CE0009CF70F /* final_testUITests.swift in Sources */ = {isa = PBXBuildFile; fileRef = 4CA2905721E85CE0009CF70F /* final_testUITests.swift */; };
/* End PBXBuildFile section */

/* Begin PBXContainerItemProxy section */
		4CA2904921E85CE0009CF70F /* PBXContainerItemProxy */ = {
			isa = PBXContainerItemProxy;
			containerPortal = 4CA2902C21E85CE0009CF70F /* Project object */;
			proxyType = 1;
			remoteGlobalIDString = 4CA2903321E85CE0009CF70F;
			remoteInfo = final_test;
		};
		4CA2905421E85CE0009CF70F /* PBXContainerItemProxy */ = {
			isa = PBXContainerItemProxy;
			containerPortal = 4CA2902C21E85CE0009CF70F /* Project object */;
			proxyType = 1;
			remoteGlobalIDString = 4CA2903321E85CE0009CF70F;
			remoteInfo = final_test;
		};
/* End PBXContainerItemProxy section */

/* Begin PBXFileReference section */
		4CA2903421E85CE0009CF70F /* final_test.app */ = {isa = PBXFileReference; explicitFileType = wrapper.application; includeInIndex = 0; path = final_test.app; sourceTree = BUILT_PRODUCTS_DIR; };
		4CA2903721E85CE0009CF70F /* AppDelegate.swift */ = {isa = PBXFileReference; lastKnownFileType = sourcecode.swift; path = AppDelegate.swift; sourceTree = "<group>"; };
		4CA2903921E85CE0009CF70F /* ViewController.swift */ = {isa = PBXFileReference; lastKnownFileType = sourcecode.swift; path = ViewController.swift; sourceTree = "<group>"; };
		4CA2903C21E85CE0009CF70F /* Base */ = {isa = PBXFileReference; lastKnownFileType = file.storyboard; name = Base; path = Base.lproj/Main.storyboard; sourceTree = "<group>"; };
		4CA2903E21E85CE0009CF70F /* Assets.xcassets */ = {isa = PBXFileReference; lastKnownFileType = folder.assetcatalog; path = Assets.xcassets; sourceTree = "<group>"; };
		4CA2904121E85CE0009CF70F /* Base */ = {isa = PBXFileReference; lastKnownFileType = file.storyboard; name = Base; path = Base.lproj/LaunchScreen.storyboard; sourceTree = "<group>"; };
		4CA2904321E85CE0009CF70F /* Info.plist */ = {isa = PBXFileReference; lastKnownFileType = text.plist.xml; path = Info.plist; sourceTree = "<group>"; };
		4CA2904821E85CE0009CF70F /* final_testTests.xctest */ = {isa = PBXFileReference; explicitFileType = wrapper.cfbundle; includeInIndex = 0; path = final_testTests.xctest; sourceTree = BUILT_PRODUCTS_DIR; };
		4CA2904C21E85CE0009CF70F /* final_testTests.swift */ = {isa = PBXFileReference; lastKnownFileType = sourcecode.swift; path = final_testTests.swift; sourceTree = "<group>"; };
		4CA2904E21E85CE0009CF70F /* Info.plist */ = {isa = PBXFileReference; lastKnownFileType = text.plist.xml; path = Info.plist; sourceTree = "<group>"; };
		4CA2905321E85CE0009CF70F /* final_testUITests.xctest */ = {isa = PBXFileReference; explicitFileType = wrapper.cfbundle; includeInIndex = 0; path = final_testUITests.xctest; sourceTree = BUILT_PRODUCTS_DIR; };
		4CA2905721E85CE0009CF70F /* final_testUITests.swift */ = {isa = PBXFileReference; lastKnownFileType = sourcecode.swift; path = final_testUITests.swift; sourceTree = "<group>"; };
		4CA2905921E85CE0009CF70F /* Info.plist */ = {isa = PBXFileReference; lastKnownFileType = text.plist.xml; path = Info.plist; sourceTree = "<group>"; };
/* End PBXFileReference section */

/* Begin PBXFrameworksBuildPhase section */
		4CA2903121E85CE0009CF70F /* Frameworks */ = {
			isa = PBXFrameworksBuildPhase;
			buildActionMask = 2147483647;
			files = (
			);
			runOnlyForDeploymentPostprocessing = 0;
		};
		4CA2904521E85CE0009CF70F /* Frameworks */ = {
			isa = PBXFrameworksBuildPhase;
			buildActionMask = 2147483647;
			files = (
			);
			runOnlyForDeploymentPostprocessing = 0;
		};
		4CA2905021E85CE0009CF70F /* Frameworks */ = {
			isa = PBXFrameworksBuildPhase;
			buildActionMask = 2147483647;
			files = (
			);
			runOnlyForDeploymentPostprocessing = 0;
		};
/* End PBXFrameworksBuildPhase section */

/* Begin PBXGroup section */
		4CA2902B21E85CE0009CF70F = {
			isa = PBXGroup;
			children = (
				4CA2903621E85CE0009CF70F /* final_test */,
				4CA2904B21E85CE0009CF70F /* final_testTests */,
				4CA2905621E85CE0009CF70F /* final_testUITests */,
				4CA2903521E85CE0009CF70F /* Products */,
			);
			sourceTree = "<group>";
		};
		4CA2903521E85CE0009CF70F /* Products */ = {
			isa = PBXGroup;
			children = (
				4CA2903421E85CE0009CF70F /* final_test.app */,
				4CA2904821E85CE0009CF70F /* final_testTests.xctest */,
				4CA2905321E85CE0009CF70F /* final_testUITests.xctest */,
			);
			name = Products;
			sourceTree = "<group>";
		};
		4CA2903621E85CE0009CF70F /* final_test */ = {
			isa = PBXGroup;
			children = (
				4CA2903721E85CE0009CF70F /* AppDelegate.swift */,
				4CA2903921E85CE0009CF70F /* ViewController.swift */,
				4CA2903B21E85CE0009CF70F /* Main.storyboard */,
				4CA2903E21E85CE0009CF70F /* Assets.xcassets */,
				4CA2904021E85CE0009CF70F /* LaunchScreen.storyboard */,
				4CA2904321E85CE0009CF70F /* Info.plist */,
			);
			path = final_test;
			sourceTree = "<group>";
		};
		4CA2904B21E85CE0009CF70F /* final_testTests */ = {
			isa = PBXGroup;
			children = (
				4CA2904C21E85CE0009CF70F /* final_testTests.swift */,
				4CA2904E21E85CE0009CF70F /* Info.plist */,
			);
			path = final_testTests;
			sourceTree = "<group>";
		};
		4CA2905621E85CE0009CF70F /* final_testUITests */ = {
			isa = PBXGroup;
			children = (
				4CA2905721E85CE0009CF70F /* final_testUITests.swift */,
				4CA2905921E85CE0009CF70F /* Info.plist */,
			);
			path = final_testUITests;
			sourceTree = "<group>";
		};
/* End PBXGroup section */

/* Begin PBXNativeTarget section */
		4CA2903321E85CE0009CF70F /* final_test */ = {
			isa = PBXNativeTarget;
			buildConfigurationList = 4CA2905C21E85CE0009CF70F /* Build configuration list for PBXNativeTarget "final_test" */;
			buildPhases = (
				4CA2903021E85CE0009CF70F /* Sources */,
				4CA2903121E85CE0009CF70F /* Frameworks */,
				4CA2903221E85CE0009CF70F /* Resources */,
			);
			buildRules = (
			);
			dependencies = (
			);
			name = final_test;
			productName = final_test;
			productReference = 4CA2903421E85CE0009CF70F /* final_test.app */;
			productType = "com.apple.product-type.application";
		};
		4CA2904721E85CE0009CF70F /* final_testTests */ = {
			isa = PBXNativeTarget;
			buildConfigurationList = 4CA2905F21E85CE0009CF70F /* Build configuration list for PBXNativeTarget "final_testTests" */;
			buildPhases = (
				4CA2904421E85CE0009CF70F /* Sources */,
				4CA2904521E85CE0009CF70F /* Frameworks */,
				4CA2904621E85CE0009CF70F /* Resources */,
			);
			buildRules = (
			);
			dependencies = (
				4CA2904A21E85CE0009CF70F /* PBXTargetDependency */,
			);
			name = final_testTests;
			productName = final_testTests;
			productReference = 4CA2904821E85CE0009CF70F /* final_testTests.xctest */;
			productType = "com.apple.product-type.bundle.unit-test";
		};
		4CA2905221E85CE0009CF70F /* final_testUITests */ = {
			isa = PBXNativeTarget;
			buildConfigurationList = 4CA2906221E85CE0009CF70F /* Build configuration list for PBXNativeTarget "final_testUITests" */;
			buildPhases = (
				4CA2904F21E85CE0009CF70F /* Sources */,
				4CA2905021E85CE0009CF70F /* Frameworks */,
				4CA2905121E85CE0009CF70F /* Resources */,
			);
			buildRules = (
			);
			dependencies = (
				4CA2905521E85CE0009CF70F /* PBXTargetDependency */,
			);
			name = final_testUITests;
			productName = final_testUITests;
			productReference = 4CA2905321E85CE0009CF70F /* final_testUITests.xctest */;
			productType = "com.apple.product-type.bundle.ui-testing";
		};
/* End PBXNativeTarget section */

/* Begin PBXProject section */
		4CA2902C21E85CE0009CF70F /* Project object */ = {
			isa = PBXProject;
			attributes = {
				LastSwiftUpdateCheck = 0920;
				LastUpgradeCheck = 0920;
				ORGANIZATIONNAME = "Octavio orlando OJEDA ARONIZ";
				TargetAttributes = {
					4CA2903321E85CE0009CF70F = {
						CreatedOnToolsVersion = 9.2;
						ProvisioningStyle = Automatic;
					};
					4CA2904721E85CE0009CF70F = {
						CreatedOnToolsVersion = 9.2;
						ProvisioningStyle = Automatic;
						TestTargetID = 4CA2903321E85CE0009CF70F;
					};
					4CA2905221E85CE0009CF70F = {
						CreatedOnToolsVersion = 9.2;
						ProvisioningStyle = Automatic;
						TestTargetID = 4CA2903321E85CE0009CF70F;
					};
				};
			};
			buildConfigurationList = 4CA2902F21E85CE0009CF70F /* Build configuration list for PBXProject "final_test" */;
			compatibilityVersion = "Xcode 8.0";
			developmentRegion = en;
			hasScannedForEncodings = 0;
			knownRegions = (
				en,
				Base,
			);
			mainGroup = 4CA2902B21E85CE0009CF70F;
			productRefGroup = 4CA2903521E85CE0009CF70F /* Products */;
			projectDirPath = "";
			projectRoot = "";
			targets = (
				4CA2903321E85CE0009CF70F /* final_test */,
				4CA2904721E85CE0009CF70F /* final_testTests */,
				4CA2905221E85CE0009CF70F /* final_testUITests */,
			);
		};
/* End PBXProject section */

/* Begin PBXResourcesBuildPhase section */
		4CA2903221E85CE0009CF70F /* Resources */ = {
			isa = PBXResourcesBuildPhase;
			buildActionMask = 2147483647;
			files = (
				4CA2904221E85CE0009CF70F /* LaunchScreen.storyboard in Resources */,
				4CA2903F21E85CE0009CF70F /* Assets.xcassets in Resources */,
				4CA2903D21E85CE0009CF70F /* Main.storyboard in Resources */,
			);
			runOnlyForDeploymentPostprocessing = 0;
		};
		4CA2904621E85CE0009CF70F /* Resources */ = {
			isa = PBXResourcesBuildPhase;
			buildActionMask = 2147483647;
			files = (
			);
			runOnlyForDeploymentPostprocessing = 0;
		};
		4CA2905121E85CE0009CF70F /* Resources */ = {
			isa = PBXResourcesBuildPhase;
			buildActionMask = 2147483647;
			files = (
			);
			runOnlyForDeploymentPostprocessing = 0;
		};
/* End PBXResourcesBuildPhase section */

/* Begin PBXSourcesBuildPhase section */
		4CA2903021E85CE0009CF70F /* Sources */ = {
			isa = PBXSourcesBuildPhase;
			buildActionMask = 2147483647;
			files = (
				4CA2903A21E85CE0009CF70F /* ViewController.swift in Sources */,
				4CA2903821E85CE0009CF70F /* AppDelegate.swift in Sources */,
			);
			runOnlyForDeploymentPostprocessing = 0;
		};
		4CA2904421E85CE0009CF70F /* Sources */ = {
			isa = PBXSourcesBuildPhase;
			buildActionMask = 2147483647;
			files = (
				4CA2904D21E85CE0009CF70F /* final_testTests.swift in Sources */,
			);
			runOnlyForDeploymentPostprocessing = 0;
		};
		4CA2904F21E85CE0009CF70F /* Sources */ = {
			isa = PBXSourcesBuildPhase;
			buildActionMask = 2147483647;
			files = (
				4CA2905821E85CE0009CF70F /* final_testUITests.swift in Sources */,
			);
			runOnlyForDeploymentPostprocessing = 0;
		};
/* End PBXSourcesBuildPhase section */

/* Begin PBXTargetDependency section */
		4CA2904A21E85CE0009CF70F /* PBXTargetDependency */ = {
			isa = PBXTargetDependency;
			target = 4CA2903321E85CE0009CF70F /* final_test */;
			targetProxy = 4CA2904921E85CE0009CF70F /* PBXContainerItemProxy */;
		};
		4CA2905521E85CE0009CF70F /* PBXTargetDependency */ = {
			isa = PBXTargetDependency;
			target = 4CA2903321E85CE0009CF70F /* final_test */;
			targetProxy = 4CA2905421E85CE0009CF70F /* PBXContainerItemProxy */;
		};
/* End PBXTargetDependency section */

/* Begin PBXVariantGroup section */
		4CA2903B21E85CE0009CF70F /* Main.storyboard */ = {
			isa = PBXVariantGroup;
			children = (
				4CA2903C21E85CE0009CF70F /* Base */,
			);
			name = Main.storyboard;
			sourceTree = "<group>";
		};
		4CA2904021E85CE0009CF70F /* LaunchScreen.storyboard */ = {
			isa = PBXVariantGroup;
			children = (
				4CA2904121E85CE0009CF70F /* Base */,
			);
			name = LaunchScreen.storyboard;
			sourceTree = "<group>";
		};
/* End PBXVariantGroup section */

/* Begin XCBuildConfiguration section */
		4CA2905A21E85CE0009CF70F /* Debug */ = {
			isa = XCBuildConfiguration;
			buildSettings = {
				ALWAYS_SEARCH_USER_PATHS = NO;
				CLANG_ANALYZER_NONNULL = YES;
				CLANG_ANALYZER_NUMBER_OBJECT_CONVERSION = YES_AGGRESSIVE;
				CLANG_CXX_LANGUAGE_STANDARD = "gnu++14";
				CLANG_CXX_LIBRARY = "libc++";
				CLANG_ENABLE_MODULES = YES;
				CLANG_ENABLE_OBJC_ARC = YES;
				CLANG_WARN_BLOCK_CAPTURE_AUTORELEASING = YES;
				CLANG_WARN_BOOL_CONVERSION = YES;
				CLANG_WARN_COMMA = YES;
				CLANG_WARN_CONSTANT_CONVERSION = YES;
				CLANG_WARN_DIRECT_OBJC_ISA_USAGE = YES_ERROR;
				CLANG_WARN_DOCUMENTATION_COMMENTS = YES;
				CLANG_WARN_EMPTY_BODY = YES;
				CLANG_WARN_ENUM_CONVERSION = YES;
				CLANG_WARN_INFINITE_RECURSION = YES;
				CLANG_WARN_INT_CONVERSION = YES;
				CLANG_WARN_NON_LITERAL_NULL_CONVERSION = YES;
				CLANG_WARN_OBJC_LITERAL_CONVERSION = YES;
				CLANG_WARN_OBJC_ROOT_CLASS = YES_ERROR;
				CLANG_WARN_RANGE_LOOP_ANALYSIS = YES;
				CLANG_WARN_STRICT_PROTOTYPES = YES;
				CLANG_WARN_SUSPICIOUS_MOVE = YES;
				CLANG_WARN_UNGUARDED_AVAILABILITY = YES_AGGRESSIVE;
				CLANG_WARN_UNREACHABLE_CODE = YES;
				CLANG_WARN__DUPLICATE_METHOD_MATCH = YES;
				CODE_SIGN_IDENTITY = "iPhone Developer";
				COPY_PHASE_STRIP = NO;
				DEBUG_INFORMATION_FORMAT = dwarf;
				ENABLE_STRICT_OBJC_MSGSEND = YES;
				ENABLE_TESTABILITY = YES;
				GCC_C_LANGUAGE_STANDARD = gnu11;
				GCC_DYNAMIC_NO_PIC = NO;
				GCC_NO_COMMON_BLOCKS = YES;
				GCC_OPTIMIZATION_LEVEL = 0;
				GCC_PREPROCESSOR_DEFINITIONS = (
					"DEBUG=1",
					"$(inherited)",
				);
				GCC_WARN_64_TO_32_BIT_CONVERSION = YES;
				GCC_WARN_ABOUT_RETURN_TYPE = YES_ERROR;
				GCC_WARN_UNDECLARED_SELECTOR = YES;
				GCC_WARN_UNINITIALIZED_AUTOS = YES_AGGRESSIVE;
				GCC_WARN_UNUSED_FUNCTION = YES;
				GCC_WARN_UNUSED_VARIABLE = YES;
				IPHONEOS_DEPLOYMENT_TARGET = 11.2;
				MTL_ENABLE_DEBUG_INFO = YES;
				ONLY_ACTIVE_ARCH = YES;
				SDKROOT = iphoneos;
				SWIFT_ACTIVE_COMPILATION_CONDITIONS = DEBUG;
				SWIFT_OPTIMIZATION_LEVEL = "-Onone";
			};
			name = Debug;
		};
		4CA2905B21E85CE0009CF70F /* Release */ = {
			isa = XCBuildConfiguration;
			buildSettings = {
				ALWAYS_SEARCH_USER_PATHS = NO;
				CLANG_ANALYZER_NONNULL = YES;
				CLANG_ANALYZER_NUMBER_OBJECT_CONVERSION = YES_AGGRESSIVE;
				CLANG_CXX_LANGUAGE_STANDARD = "gnu++14";
				CLANG_CXX_LIBRARY = "libc++";
				CLANG_ENABLE_MODULES = YES;
				CLANG_ENABLE_OBJC_ARC = YES;
				CLANG_WARN_BLOCK_CAPTURE_AUTORELEASING = YES;
				CLANG_WARN_BOOL_CONVERSION = YES;
				CLANG_WARN_COMMA = YES;
				CLANG_WARN_CONSTANT_CONVERSION = YES;
				CLANG_WARN_DIRECT_OBJC_ISA_USAGE = YES_ERROR;
				CLANG_WARN_DOCUMENTATION_COMMENTS = YES;
				CLANG_WARN_EMPTY_BODY = YES;
				CLANG_WARN_ENUM_CONVERSION = YES;
				CLANG_WARN_INFINITE_RECURSION = YES;
				CLANG_WARN_INT_CONVERSION = YES;
				CLANG_WARN_NON_LITERAL_NULL_CONVERSION = YES;
				CLANG_WARN_OBJC_LITERAL_CONVERSION = YES;
				CLANG_WARN_OBJC_ROOT_CLASS = YES_ERROR;
				CLANG_WARN_RANGE_LOOP_ANALYSIS = YES;
				CLANG_WARN_STRICT_PROTOTYPES = YES;
				CLANG_WARN_SUSPICIOUS_MOVE = YES;
				CLANG_WARN_UNGUARDED_AVAILABILITY = YES_AGGRESSIVE;
				CLANG_WARN_UNREACHABLE_CODE = YES;
				CLANG_WARN__DUPLICATE_METHOD_MATCH = YES;
				CODE_SIGN_IDENTITY = "iPhone Developer";
				COPY_PHASE_STRIP = NO;
				DEBUG_INFORMATION_FORMAT = "dwarf-with-dsym";
				ENABLE_NS_ASSERTIONS = NO;
				ENABLE_STRICT_OBJC_MSGSEND = YES;
				GCC_C_LANGUAGE_STANDARD = gnu11;
				GCC_NO_COMMON_BLOCKS = YES;
				GCC_WARN_64_TO_32_BIT_CONVERSION = YES;
				GCC_WARN_ABOUT_RETURN_TYPE = YES_ERROR;
				GCC_WARN_UNDECLARED_SELECTOR = YES;
				GCC_WARN_UNINITIALIZED_AUTOS = YES_AGGRESSIVE;
				GCC_WARN_UNUSED_FUNCTION = YES;
				GCC_WARN_UNUSED_VARIABLE = YES;
				IPHONEOS_DEPLOYMENT_TARGET = 11.2;
				MTL_ENABLE_DEBUG_INFO = NO;
				SDKROOT = iphoneos;
				SWIFT_OPTIMIZATION_LEVEL = "-Owholemodule";
				VALIDATE_PRODUCT = YES;
			};
			name = Release;
		};
		4CA2905D21E85CE0009CF70F /* Debug */ = {
			isa = XCBuildConfiguration;
			buildSettings = {
				ASSETCATALOG_COMPILER_APPICON_NAME = AppIcon;
				CODE_SIGN_STYLE = Automatic;
				INFOPLIST_FILE = final_test/Info.plist;
				LD_RUNPATH_SEARCH_PATHS = "$(inherited) @executable_path/Frameworks";
				PRODUCT_BUNDLE_IDENTIFIER = "octi.final-test";
				PRODUCT_NAME = "$(TARGET_NAME)";
				SWIFT_VERSION = 4.0;
				TARGETED_DEVICE_FAMILY = "1,2";
			};
			name = Debug;
		};
		4CA2905E21E85CE0009CF70F /* Release */ = {
			isa = XCBuildConfiguration;
			buildSettings = {
				ASSETCATALOG_COMPILER_APPICON_NAME = AppIcon;
				CODE_SIGN_STYLE = Automatic;
				INFOPLIST_FILE = final_test/Info.plist;
				LD_RUNPATH_SEARCH_PATHS = "$(inherited) @executable_path/Frameworks";
				PRODUCT_BUNDLE_IDENTIFIER = "octi.final-test";
				PRODUCT_NAME = "$(TARGET_NAME)";
				SWIFT_VERSION = 4.0;
				TARGETED_DEVICE_FAMILY = "1,2";
			};
			name = Release;
		};
		4CA2906021E85CE0009CF70F /* Debug */ = {
			isa = XCBuildConfiguration;
			buildSettings = {
				ALWAYS_EMBED_SWIFT_STANDARD_LIBRARIES = YES;
				BUNDLE_LOADER = "$(TEST_HOST)";
				CODE_SIGN_STYLE = Automatic;
				INFOPLIST_FILE = final_testTests/Info.plist;
				LD_RUNPATH_SEARCH_PATHS = "$(inherited) @executable_path/Frameworks @loader_path/Frameworks";
				PRODUCT_BUNDLE_IDENTIFIER = "octi.final-testTests";
				PRODUCT_NAME = "$(TARGET_NAME)";
				SWIFT_VERSION = 4.0;
				TARGETED_DEVICE_FAMILY = "1,2";
				TEST_HOST = "$(BUILT_PRODUCTS_DIR)/final_test.app/final_test";
			};
			name = Debug;
		};
		4CA2906121E85CE0009CF70F /* Release */ = {
			isa = XCBuildConfiguration;
			buildSettings = {
				ALWAYS_EMBED_SWIFT_STANDARD_LIBRARIES = YES;
				BUNDLE_LOADER = "$(TEST_HOST)";
				CODE_SIGN_STYLE = Automatic;
				INFOPLIST_FILE = final_testTests/Info.plist;
				LD_RUNPATH_SEARCH_PATHS = "$(inherited) @executable_path/Frameworks @loader_path/Frameworks";
				PRODUCT_BUNDLE_IDENTIFIER = "octi.final-testTests";
				PRODUCT_NAME = "$(TARGET_NAME)";
				SWIFT_VERSION = 4.0;
				TARGETED_DEVICE_FAMILY = "1,2";
				TEST_HOST = "$(BUILT_PRODUCTS_DIR)/final_test.app/final_test";
			};
			name = Release;
		};
		4CA2906321E85CE0009CF70F /* Debug */ = {
			isa = XCBuildConfiguration;
			buildSettings = {
				ALWAYS_EMBED_SWIFT_STANDARD_LIBRARIES = YES;
				CODE_SIGN_STYLE = Automatic;
				INFOPLIST_FILE = final_testUITests/Info.plist;
				LD_RUNPATH_SEARCH_PATHS = "$(inherited) @executable_path/Frameworks @loader_path/Frameworks";
				PRODUCT_BUNDLE_IDENTIFIER = "octi.final-testUITests";
				PRODUCT_NAME = "$(TARGET_NAME)";
				SWIFT_VERSION = 4.0;
				TARGETED_DEVICE_FAMILY = "1,2";
				TEST_TARGET_NAME = final_test;
			};
			name = Debug;
		};
		4CA2906421E85CE0009CF70F /* Release */ = {
			isa = XCBuildConfiguration;
			buildSettings = {
				ALWAYS_EMBED_SWIFT_STANDARD_LIBRARIES = YES;
				CODE_SIGN_STYLE = Automatic;
				INFOPLIST_FILE = final_testUITests/Info.plist;
				LD_RUNPATH_SEARCH_PATHS = "$(inherited) @executable_path/Frameworks @loader_path/Frameworks";
				PRODUCT_BUNDLE_IDENTIFIER = "octi.final-testUITests";
				PRODUCT_NAME = "$(TARGET_NAME)";
				SWIFT_VERSION = 4.0;
				TARGETED_DEVICE_FAMILY = "1,2";
				TEST_TARGET_NAME = final_test;
			};
			name = Release;
		};
/* End XCBuildConfiguration section */

/* Begin XCConfigurationList section */
		4CA2902F21E85CE0009CF70F /* Build configuration list for PBXProject "final_test" */ = {
			isa = XCConfigurationList;
			buildConfigurations = (
				4CA2905A21E85CE0009CF70F /* Debug */,
				4CA2905B21E85CE0009CF70F /* Release */,
			);
			defaultConfigurationIsVisible = 0;
			defaultConfigurationName = Release;
		};
		4CA2905C21E85CE0009CF70F /* Build configuration list for PBXNativeTarget "final_test" */ = {
			isa = XCConfigurationList;
			buildConfigurations = (
				4CA2905D21E85CE0009CF70F /* Debug */,
				4CA2905E21E85CE0009CF70F /* Release */,
			);
			defaultConfigurationIsVisible = 0;
			defaultConfigurationName = Release;
		};
		4CA2905F21E85CE0009CF70F /* Build configuration list for PBXNativeTarget "final_testTests" */ = {
			isa = XCConfigurationList;
			buildConfigurations = (
				4CA2906021E85CE0009CF70F /* Debug */,
				4CA2906121E85CE0009CF70F /* Release */,
			);
			defaultConfigurationIsVisible = 0;
			defaultConfigurationName = Release;
		};
		4CA2906221E85CE0009CF70F /* Build configuration list for PBXNativeTarget "final_testUITests" */ = {
			isa = XCConfigurationList;
			buildConfigurations = (
				4CA2906321E85CE0009CF70F /* Debug */,
				4CA2906421E85CE0009CF70F /* Release */,
			);
			defaultConfigurationIsVisible = 0;
			defaultConfigurationName = Release;
		};
/* End XCConfigurationList section */
	};
	rootObject = 4CA2902C21E85CE0009CF70F /* Project object */;
}
